
Microsoft Visual Studio Solution File, Format Version 12.00
# Visual Studio Version 16
VisualStudioVersion = 16.0.29709.97
MinimumVisualStudioVersion = 10.0.40219.1
Project("{2150E333-8FDC-42A3-9474-1A3956D46DE8}") = "Microservices", "Microservices", "{22199947-85FC-4935-ACAF-94FA6EF4FFB9}"
EndProject
Project("{2150E333-8FDC-42A3-9474-1A3956D46DE8}") = "Domain", "Domain", "{65B8A07F-0362-457C-8551-7D7F62F290A5}"
EndProject
Project("{2150E333-8FDC-42A3-9474-1A3956D46DE8}") = "Infra.Bus", "Infra.Bus", "{422F1A8B-CBE5-46E9-9EC6-80FF1CB515F8}"
EndProject
Project("{2150E333-8FDC-42A3-9474-1A3956D46DE8}") = "Infra.IoC", "Infra.IoC", "{4200AA9F-84F9-4786-95F7-E4709078B03A}"
EndProject
Project("{2150E333-8FDC-42A3-9474-1A3956D46DE8}") = "Presentation", "Presentation", "{B48A7957-FF7F-40BF-A2D9-19BE663F6861}"
EndProject
Project("{9A19103F-16F7-4668-BE54-9A1E7A4F7556}") = "MicroRabbit.Domain.Core", "MicroRabbit.Domain.Core\MicroRabbit.Domain.Core.csproj", "{718E61A8-09CF-4F6D-A630-B9A110BF4CDD}"
EndProject
Project("{9A19103F-16F7-4668-BE54-9A1E7A4F7556}") = "MicroRabbit.Infra.Bus", "MicroRabbit.Infra.Bus\MicroRabbit.Infra.Bus.csproj", "{27B3CD12-6C1B-4529-9F0B-68240FB2F933}"
EndProject
Project("{9A19103F-16F7-4668-BE54-9A1E7A4F7556}") = "MicroRabbit.Infra.IoC", "MicroRabbit.Infra.IoC\MicroRabbit.Infra.IoC.csproj", "{E711CE96-3D2D-4D35-A779-C15FEFCA6BBB}"
EndProject
Project("{2150E333-8FDC-42A3-9474-1A3956D46DE8}") = "Banking", "Banking", "{10A8C093-2495-4726-ACA3-0C96D27F8C90}"
EndProject
Project("{2150E333-8FDC-42A3-9474-1A3956D46DE8}") = "Api", "Api", "{69EB98DB-E5CF-4E61-B325-BBA5453D7D55}"
EndProject
Project("{2150E333-8FDC-42A3-9474-1A3956D46DE8}") = "Domain", "Domain", "{958C8599-C238-4B09-8837-98278A741DB8}"
EndProject
Project("{2150E333-8FDC-42A3-9474-1A3956D46DE8}") = "Application", "Application", "{94A68205-89A9-47B2-85F5-7EC741BB30FC}"
EndProject
Project("{2150E333-8FDC-42A3-9474-1A3956D46DE8}") = "Data", "Data", "{046FD805-E815-4630-BF6A-696FBDEFEDF4}"
EndProject
Project("{9A19103F-16F7-4668-BE54-9A1E7A4F7556}") = "MicroRabbit.Banking.Api", "MicroRabbit.Banking.Api\MicroRabbit.Banking.Api.csproj", "{544F15AE-DEBA-48BA-B5E3-E08A0FFF34E9}"
EndProject
Project("{9A19103F-16F7-4668-BE54-9A1E7A4F7556}") = "MicroRabbit.Banking.Application", "MicroRabbit.Banking.Application\MicroRabbit.Banking.Application.csproj", "{7F4FDE58-1581-4541-9BD6-4AD6D0C6F3BC}"
EndProject
Project("{9A19103F-16F7-4668-BE54-9A1E7A4F7556}") = "MicroRabbit.Banking.Data", "MicroRabbit.Banking.Data\MicroRabbit.Banking.Data.csproj", "{94BC1A20-1B35-45FE-A2A6-42FEC0CB4C39}"
EndProject
Project("{9A19103F-16F7-4668-BE54-9A1E7A4F7556}") = "MicroRabbit.Banking.Domain", "MicroRabbit.Banking.Domain\MicroRabbit.Banking.Domain.csproj", "{A6FDE637-0B44-4BBF-9D33-B3D405870685}"
EndProject
Project("{2150E333-8FDC-42A3-9474-1A3956D46DE8}") = "Transfer", "Transfer", "{A04003B0-FB1A-4A28-BFC4-00453BCE8933}"
EndProject
Project("{2150E333-8FDC-42A3-9474-1A3956D46DE8}") = "Api", "Api", "{B1AD0901-082E-4B81-B391-A8BEBD42E837}"
EndProject
Project("{2150E333-8FDC-42A3-9474-1A3956D46DE8}") = "Application", "Application", "{97AB293A-F67B-4931-AB31-E35E8FC4A011}"
EndProject
Project("{2150E333-8FDC-42A3-9474-1A3956D46DE8}") = "Data", "Data", "{2D900DDF-4AD6-4350-85E3-D289A20C02D1}"
EndProject
Project("{2150E333-8FDC-42A3-9474-1A3956D46DE8}") = "Domain", "Domain", "{69F24F0B-49A2-44DA-BC16-03B84C58FB9B}"
EndProject
Project("{FAE04EC0-301F-11D3-BF4B-00C04F79EFBC}") = "MicroRabbit.Transfer.Api", "MicroRabbit.Transfer.Api\MicroRabbit.Transfer.Api.csproj", "{263B38A0-81D8-4C6C-B302-55F4C3CA7C31}"
EndProject
Project("{FAE04EC0-301F-11D3-BF4B-00C04F79EFBC}") = "MicroRabbit.Transfer.Application", "MicroRabbit.Transfer.Application\MicroRabbit.Transfer.Application.csproj", "{CE4393FD-BAAC-44DB-B2F2-89B07EBD1DCD}"
EndProject
Project("{FAE04EC0-301F-11D3-BF4B-00C04F79EFBC}") = "MicroRabbit.Transfer.Data", "MicroRabbit.Transfer.Data\MicroRabbit.Transfer.Data.csproj", "{6136EF95-5B8D-4760-924E-AEE43F6143FB}"
EndProject
Project("{FAE04EC0-301F-11D3-BF4B-00C04F79EFBC}") = "MicroRabbit.Transfer.Domain", "MicroRabbit.Transfer.Domain\MicroRabbit.Transfer.Domain.csproj", "{E37091F5-68CC-4776-898A-66FC06EE27A4}"
EndProject
Project("{FAE04EC0-301F-11D3-BF4B-00C04F79EFBC}") = "MicroRabbit.MVC", "MicroRabbit.MVC\MicroRabbit.MVC.csproj", "{25BDE7C4-0A1B-4509-9289-633D1380B4D2}"
EndProject
Global
	GlobalSection(SolutionConfigurationPlatforms) = preSolution
		Debug|Any CPU = Debug|Any CPU
		Release|Any CPU = Release|Any CPU
	EndGlobalSection
	GlobalSection(ProjectConfigurationPlatforms) = postSolution
		{718E61A8-09CF-4F6D-A630-B9A110BF4CDD}.Debug|Any CPU.ActiveCfg = Debug|Any CPU
		{718E61A8-09CF-4F6D-A630-B9A110BF4CDD}.Debug|Any CPU.Build.0 = Debug|Any CPU
		{718E61A8-09CF-4F6D-A630-B9A110BF4CDD}.Release|Any CPU.ActiveCfg = Release|Any CPU
		{718E61A8-09CF-4F6D-A630-B9A110BF4CDD}.Release|Any CPU.Build.0 = Release|Any CPU
		{27B3CD12-6C1B-4529-9F0B-68240FB2F933}.Debug|Any CPU.ActiveCfg = Debug|Any CPU
		{27B3CD12-6C1B-4529-9F0B-68240FB2F933}.Debug|Any CPU.Build.0 = Debug|Any CPU
		{27B3CD12-6C1B-4529-9F0B-68240FB2F933}.Release|Any CPU.ActiveCfg = Release|Any CPU
		{27B3CD12-6C1B-4529-9F0B-68240FB2F933}.Release|Any CPU.Build.0 = Release|Any CPU
		{E711CE96-3D2D-4D35-A779-C15FEFCA6BBB}.Debug|Any CPU.ActiveCfg = Debug|Any CPU
		{E711CE96-3D2D-4D35-A779-C15FEFCA6BBB}.Debug|Any CPU.Build.0 = Debug|Any CPU
		{E711CE96-3D2D-4D35-A779-C15FEFCA6BBB}.Release|Any CPU.ActiveCfg = Release|Any CPU
		{E711CE96-3D2D-4D35-A779-C15FEFCA6BBB}.Release|Any CPU.Build.0 = Release|Any CPU
		{544F15AE-DEBA-48BA-B5E3-E08A0FFF34E9}.Debug|Any CPU.ActiveCfg = Debug|Any CPU
		{544F15AE-DEBA-48BA-B5E3-E08A0FFF34E9}.Debug|Any CPU.Build.0 = Debug|Any CPU
		{544F15AE-DEBA-48BA-B5E3-E08A0FFF34E9}.Release|Any CPU.ActiveCfg = Release|Any CPU
		{544F15AE-DEBA-48BA-B5E3-E08A0FFF34E9}.Release|Any CPU.Build.0 = Release|Any CPU
		{7F4FDE58-1581-4541-9BD6-4AD6D0C6F3BC}.Debug|Any CPU.ActiveCfg = Debug|Any CPU
		{7F4FDE58-1581-4541-9BD6-4AD6D0C6F3BC}.Debug|Any CPU.Build.0 = Debug|Any CPU
		{7F4FDE58-1581-4541-9BD6-4AD6D0C6F3BC}.Release|Any CPU.ActiveCfg = Release|Any CPU
		{7F4FDE58-1581-4541-9BD6-4AD6D0C6F3BC}.Release|Any CPU.Build.0 = Release|Any CPU
		{94BC1A20-1B35-45FE-A2A6-42FEC0CB4C39}.Debug|Any CPU.ActiveCfg = Debug|Any CPU
		{94BC1A20-1B35-45FE-A2A6-42FEC0CB4C39}.Debug|Any CPU.Build.0 = Debug|Any CPU
		{94BC1A20-1B35-45FE-A2A6-42FEC0CB4C39}.Release|Any CPU.ActiveCfg = Release|Any CPU
		{94BC1A20-1B35-45FE-A2A6-42FEC0CB4C39}.Release|Any CPU.Build.0 = Release|Any CPU
		{A6FDE637-0B44-4BBF-9D33-B3D405870685}.Debug|Any CPU.ActiveCfg = Debug|Any CPU
		{A6FDE637-0B44-4BBF-9D33-B3D405870685}.Debug|Any CPU.Build.0 = Debug|Any CPU
		{A6FDE637-0B44-4BBF-9D33-B3D405870685}.Release|Any CPU.ActiveCfg = Release|Any CPU
		{A6FDE637-0B44-4BBF-9D33-B3D405870685}.Release|Any CPU.Build.0 = Release|Any CPU
		{263B38A0-81D8-4C6C-B302-55F4C3CA7C31}.Debug|Any CPU.ActiveCfg = Debug|Any CPU
		{263B38A0-81D8-4C6C-B302-55F4C3CA7C31}.Debug|Any CPU.Build.0 = Debug|Any CPU
		{263B38A0-81D8-4C6C-B302-55F4C3CA7C31}.Release|Any CPU.ActiveCfg = Release|Any CPU
		{263B38A0-81D8-4C6C-B302-55F4C3CA7C31}.Release|Any CPU.Build.0 = Release|Any CPU
		{CE4393FD-BAAC-44DB-B2F2-89B07EBD1DCD}.Debug|Any CPU.ActiveCfg = Debug|Any CPU
		{CE4393FD-BAAC-44DB-B2F2-89B07EBD1DCD}.Debug|Any CPU.Build.0 = Debug|Any CPU
		{CE4393FD-BAAC-44DB-B2F2-89B07EBD1DCD}.Release|Any CPU.ActiveCfg = Release|Any CPU
		{CE4393FD-BAAC-44DB-B2F2-89B07EBD1DCD}.Release|Any CPU.Build.0 = Release|Any CPU
		{6136EF95-5B8D-4760-924E-AEE43F6143FB}.Debug|Any CPU.ActiveCfg = Debug|Any CPU
		{6136EF95-5B8D-4760-924E-AEE43F6143FB}.Debug|Any CPU.Build.0 = Debug|Any CPU
		{6136EF95-5B8D-4760-924E-AEE43F6143FB}.Release|Any CPU.ActiveCfg = Release|Any CPU
		{6136EF95-5B8D-4760-924E-AEE43F6143FB}.Release|Any CPU.Build.0 = Release|Any CPU
		{E37091F5-68CC-4776-898A-66FC06EE27A4}.Debug|Any CPU.ActiveCfg = Debug|Any CPU
		{E37091F5-68CC-4776-898A-66FC06EE27A4}.Debug|Any CPU.Build.0 = Debug|Any CPU
		{E37091F5-68CC-4776-898A-66FC06EE27A4}.Release|Any CPU.ActiveCfg = Release|Any CPU
		{E37091F5-68CC-4776-898A-66FC06EE27A4}.Release|Any CPU.Build.0 = Release|Any CPU
		{25BDE7C4-0A1B-4509-9289-633D1380B4D2}.Debug|Any CPU.ActiveCfg = Debug|Any CPU
		{25BDE7C4-0A1B-4509-9289-633D1380B4D2}.Debug|Any CPU.Build.0 = Debug|Any CPU
		{25BDE7C4-0A1B-4509-9289-633D1380B4D2}.Release|Any CPU.ActiveCfg = Release|Any CPU
		{25BDE7C4-0A1B-4509-9289-633D1380B4D2}.Release|Any CPU.Build.0 = Release|Any CPU
	EndGlobalSection
	GlobalSection(SolutionProperties) = preSolution
		HideSolutionNode = FALSE
	EndGlobalSection
	GlobalSection(NestedProjects) = preSolution
		{718E61A8-09CF-4F6D-A630-B9A110BF4CDD} = {65B8A07F-0362-457C-8551-7D7F62F290A5}
		{27B3CD12-6C1B-4529-9F0B-68240FB2F933} = {422F1A8B-CBE5-46E9-9EC6-80FF1CB515F8}
		{E711CE96-3D2D-4D35-A779-C15FEFCA6BBB} = {4200AA9F-84F9-4786-95F7-E4709078B03A}
		{10A8C093-2495-4726-ACA3-0C96D27F8C90} = {22199947-85FC-4935-ACAF-94FA6EF4FFB9}
		{69EB98DB-E5CF-4E61-B325-BBA5453D7D55} = {10A8C093-2495-4726-ACA3-0C96D27F8C90}
		{958C8599-C238-4B09-8837-98278A741DB8} = {10A8C093-2495-4726-ACA3-0C96D27F8C90}
		{94A68205-89A9-47B2-85F5-7EC741BB30FC} = {10A8C093-2495-4726-ACA3-0C96D27F8C90}
		{046FD805-E815-4630-BF6A-696FBDEFEDF4} = {10A8C093-2495-4726-ACA3-0C96D27F8C90}
		{544F15AE-DEBA-48BA-B5E3-E08A0FFF34E9} = {69EB98DB-E5CF-4E61-B325-BBA5453D7D55}
		{7F4FDE58-1581-4541-9BD6-4AD6D0C6F3BC} = {94A68205-89A9-47B2-85F5-7EC741BB30FC}
		{94BC1A20-1B35-45FE-A2A6-42FEC0CB4C39} = {046FD805-E815-4630-BF6A-696FBDEFEDF4}
		{A6FDE637-0B44-4BBF-9D33-B3D405870685} = {958C8599-C238-4B09-8837-98278A741DB8}
		{A04003B0-FB1A-4A28-BFC4-00453BCE8933} = {22199947-85FC-4935-ACAF-94FA6EF4FFB9}
		{B1AD0901-082E-4B81-B391-A8BEBD42E837} = {A04003B0-FB1A-4A28-BFC4-00453BCE8933}
		{97AB293A-F67B-4931-AB31-E35E8FC4A011} = {A04003B0-FB1A-4A28-BFC4-00453BCE8933}
		{2D900DDF-4AD6-4350-85E3-D289A20C02D1} = {A04003B0-FB1A-4A28-BFC4-00453BCE8933}
		{69F24F0B-49A2-44DA-BC16-03B84C58FB9B} = {A04003B0-FB1A-4A28-BFC4-00453BCE8933}
		{263B38A0-81D8-4C6C-B302-55F4C3CA7C31} = {B1AD0901-082E-4B81-B391-A8BEBD42E837}
		{CE4393FD-BAAC-44DB-B2F2-89B07EBD1DCD} = {97AB293A-F67B-4931-AB31-E35E8FC4A011}
		{6136EF95-5B8D-4760-924E-AEE43F6143FB} = {2D900DDF-4AD6-4350-85E3-D289A20C02D1}
		{E37091F5-68CC-4776-898A-66FC06EE27A4} = {69F24F0B-49A2-44DA-BC16-03B84C58FB9B}
		{25BDE7C4-0A1B-4509-9289-633D1380B4D2} = {B48A7957-FF7F-40BF-A2D9-19BE663F6861}
	EndGlobalSection
	GlobalSection(ExtensibilityGlobals) = postSolution
		SolutionGuid = {73F26913-8526-40DC-934F-D793B5F9665D}
	EndGlobalSection
EndGlobal
